
Microsoft Visual Studio Solution File, Format Version 12.00
# Visual Studio Version 17
VisualStudioVersion = 17.2.32505.173
MinimumVisualStudioVersion = 10.0.40219.1
Project("{FAE04EC0-301F-11D3-BF4B-00C04F79EFBC}") = "ExeDataGridandNavBinding", "ExeDataGridandNavBinding\ExeDataGridandNavBinding.csproj", "{853DE991-0E07-4792-BF2F-4D9F064CA3DB}"
EndProject
Global
	GlobalSection(SolutionConfigurationPlatforms) = preSolution
		Debug|Any CPU = Debug|Any CPU
		Release|Any CPU = Release|Any CPU
	EndGlobalSection
	GlobalSection(ProjectConfigurationPlatforms) = postSolution
		{853DE991-0E07-4792-BF2F-4D9F064CA3DB}.Debug|Any CPU.ActiveCfg = Debug|Any CPU
		{853DE991-0E07-4792-BF2F-4D9F064CA3DB}.Debug|Any CPU.Build.0 = Debug|Any CPU
		{853DE991-0E07-4792-BF2F-4D9F064CA3DB}.Release|Any CPU.ActiveCfg = Release|Any CPU
		{853DE991-0E07-4792-BF2F-4D9F064CA3DB}.Release|Any CPU.Build.0 = Release|Any CPU
	EndGlobalSection
	GlobalSection(SolutionProperties) = preSolution
		HideSolutionNode = FALSE
	EndGlobalSection
	GlobalSection(ExtensibilityGlobals) = postSolution
		SolutionGuid = {D3C0FF3E-F1C7-4922-857C-51CD28959BF4}
	EndGlobalSection
EndGlobal
